// !$*UTF8*$!
{
	archiveVersion = 1;
	classes = {
	};
	objectVersion = 55;
	objects = {

/* Begin PBXBuildFile section */
		6B348ACF272879CF00EADD83 /* AppDelegate.swift in Sources */ = {isa = PBXBuildFile; fileRef = 6B348ACE272879CF00EADD83 /* AppDelegate.swift */; };
		6B348AD1272879CF00EADD83 /* SceneDelegate.swift in Sources */ = {isa = PBXBuildFile; fileRef = 6B348AD0272879CF00EADD83 /* SceneDelegate.swift */; };
		6B348AD3272879CF00EADD83 /* ViewController.swift in Sources */ = {isa = PBXBuildFile; fileRef = 6B348AD2272879CF00EADD83 /* ViewController.swift */; };
		6B348AD6272879CF00EADD83 /* Main.storyboard in Resources */ = {isa = PBXBuildFile; fileRef = 6B348AD4272879CF00EADD83 /* Main.storyboard */; };
		6B348AD8272879D100EADD83 /* Assets.xcassets in Resources */ = {isa = PBXBuildFile; fileRef = 6B348AD7272879D100EADD83 /* Assets.xcassets */; };
		6B348ADB272879D100EADD83 /* LaunchScreen.storyboard in Resources */ = {isa = PBXBuildFile; fileRef = 6B348AD9272879D100EADD83 /* LaunchScreen.storyboard */; };
		6B348AE4272879E100EADD83 /* temp_coreData.xcdatamodeld in Sources */ = {isa = PBXBuildFile; fileRef = 6B348AE2272879E100EADD83 /* temp_coreData.xcdatamodeld */; };
		6B348AE627287AF400EADD83 /* CoreDataManager.swift in Sources */ = {isa = PBXBuildFile; fileRef = 6B348AE527287AF400EADD83 /* CoreDataManager.swift */; };
/* End PBXBuildFile section */

/* Begin PBXFileReference section */
		6B348ACB272879CF00EADD83 /* temp_coreData.app */ = {isa = PBXFileReference; explicitFileType = wrapper.application; includeInIndex = 0; path = temp_coreData.app; sourceTree = BUILT_PRODUCTS_DIR; };
		6B348ACE272879CF00EADD83 /* AppDelegate.swift */ = {isa = PBXFileReference; lastKnownFileType = sourcecode.swift; path = AppDelegate.swift; sourceTree = "<group>"; };
		6B348AD0272879CF00EADD83 /* SceneDelegate.swift */ = {isa = PBXFileReference; lastKnownFileType = sourcecode.swift; path = SceneDelegate.swift; sourceTree = "<group>"; };
		6B348AD2272879CF00EADD83 /* ViewController.swift */ = {isa = PBXFileReference; lastKnownFileType = sourcecode.swift; path = ViewController.swift; sourceTree = "<group>"; };
		6B348AD5272879CF00EADD83 /* Base */ = {isa = PBXFileReference; lastKnownFileType = file.storyboard; name = Base; path = Base.lproj/Main.storyboard; sourceTree = "<group>"; };
		6B348AD7272879D100EADD83 /* Assets.xcassets */ = {isa = PBXFileReference; lastKnownFileType = folder.assetcatalog; path = Assets.xcassets; sourceTree = "<group>"; };
		6B348ADA272879D100EADD83 /* Base */ = {isa = PBXFileReference; lastKnownFileType = file.storyboard; name = Base; path = Base.lproj/LaunchScreen.storyboard; sourceTree = "<group>"; };
		6B348ADC272879D100EADD83 /* Info.plist */ = {isa = PBXFileReference; lastKnownFileType = text.plist.xml; path = Info.plist; sourceTree = "<group>"; };
		6B348AE3272879E100EADD83 /* temp_coreData.xcdatamodel */ = {isa = PBXFileReference; lastKnownFileType = wrapper.xcdatamodel; path = temp_coreData.xcdatamodel; sourceTree = "<group>"; };
		6B348AE527287AF400EADD83 /* CoreDataManager.swift */ = {isa = PBXFileReference; lastKnownFileType = sourcecode.swift; path = CoreDataManager.swift; sourceTree = "<group>"; };
/* End PBXFileReference section */

/* Begin PBXFrameworksBuildPhase section */
		6B348AC8272879CF00EADD83 /* Frameworks */ = {
			isa = PBXFrameworksBuildPhase;
			buildActionMask = 2147483647;
			files = (
			);
			runOnlyForDeploymentPostprocessing = 0;
		};
/* End PBXFrameworksBuildPhase section */

/* Begin PBXGroup section */
		6B348AC2272879CF00EADD83 = {
			isa = PBXGroup;
			children = (
				6B348AE2272879E100EADD83 /* temp_coreData.xcdatamodeld */,
				6B348ACD272879CF00EADD83 /* temp_coreData */,
				6B348ACC272879CF00EADD83 /* Products */,
			);
			sourceTree = "<group>";
		};
		6B348ACC272879CF00EADD83 /* Products */ = {
			isa = PBXGroup;
			children = (
				6B348ACB272879CF00EADD83 /* temp_coreData.app */,
			);
			name = Products;
			sourceTree = "<group>";
		};
		6B348ACD272879CF00EADD83 /* temp_coreData */ = {
			isa = PBXGroup;
			children = (
				6B348AE727287B0700EADD83 /* Manager */,
				6B348ACE272879CF00EADD83 /* AppDelegate.swift */,
				6B348AD0272879CF00EADD83 /* SceneDelegate.swift */,
				6B348AD2272879CF00EADD83 /* ViewController.swift */,
				6B348AD4272879CF00EADD83 /* Main.storyboard */,
				6B348AD7272879D100EADD83 /* Assets.xcassets */,
				6B348AD9272879D100EADD83 /* LaunchScreen.storyboard */,
				6B348ADC272879D100EADD83 /* Info.plist */,
			);
			path = temp_coreData;
			sourceTree = "<group>";
		};
		6B348AE727287B0700EADD83 /* Manager */ = {
			isa = PBXGroup;
			children = (
				6B348AE527287AF400EADD83 /* CoreDataManager.swift */,
			);
			path = Manager;
			sourceTree = "<group>";
		};
/* End PBXGroup section */

/* Begin PBXNativeTarget section */
		6B348ACA272879CF00EADD83 /* temp_coreData */ = {
			isa = PBXNativeTarget;
			buildConfigurationList = 6B348ADF272879D100EADD83 /* Build configuration list for PBXNativeTarget "temp_coreData" */;
			buildPhases = (
				6B348AC7272879CF00EADD83 /* Sources */,
				6B348AC8272879CF00EADD83 /* Frameworks */,
				6B348AC9272879CF00EADD83 /* Resources */,
			);
			buildRules = (
			);
			dependencies = (
			);
			name = temp_coreData;
			productName = temp_coreData;
			productReference = 6B348ACB272879CF00EADD83 /* temp_coreData.app */;
			productType = "com.apple.product-type.application";
		};
/* End PBXNativeTarget section */

/* Begin PBXProject section */
		6B348AC3272879CF00EADD83 /* Project object */ = {
			isa = PBXProject;
			attributes = {
				BuildIndependentTargetsInParallel = 1;
				LastSwiftUpdateCheck = 1300;
				LastUpgradeCheck = 1300;
				TargetAttributes = {
					6B348ACA272879CF00EADD83 = {
						CreatedOnToolsVersion = 13.0;
					};
				};
			};
			buildConfigurationList = 6B348AC6272879CF00EADD83 /* Build configuration list for PBXProject "temp_coreData" */;
			compatibilityVersion = "Xcode 13.0";
			developmentRegion = en;
			hasScannedForEncodings = 0;
			knownRegions = (
				en,
				Base,
			);
			mainGroup = 6B348AC2272879CF00EADD83;
			productRefGroup = 6B348ACC272879CF00EADD83 /* Products */;
			projectDirPath = "";
			projectRoot = "";
			targets = (
				6B348ACA272879CF00EADD83 /* temp_coreData */,
			);
		};
/* End PBXProject section */

/* Begin PBXResourcesBuildPhase section */
		6B348AC9272879CF00EADD83 /* Resources */ = {
			isa = PBXResourcesBuildPhase;
			buildActionMask = 2147483647;
			files = (
				6B348ADB272879D100EADD83 /* LaunchScreen.storyboard in Resources */,
				6B348AD8272879D100EADD83 /* Assets.xcassets in Resources */,
				6B348AD6272879CF00EADD83 /* Main.storyboard in Resources */,
			);
			runOnlyForDeploymentPostprocessing = 0;
		};
/* End PBXResourcesBuildPhase section */

/* Begin PBXSourcesBuildPhase section */
		6B348AC7272879CF00EADD83 /* Sources */ = {
			isa = PBXSourcesBuildPhase;
			buildActionMask = 2147483647;
			files = (
				6B348AD3272879CF00EADD83 /* ViewController.swift in Sources */,
				6B348ACF272879CF00EADD83 /* AppDelegate.swift in Sources */,
				6B348AE4272879E100EADD83 /* temp_coreData.xcdatamodeld in Sources */,
				6B348AE627287AF400EADD83 /* CoreDataManager.swift in Sources */,
				6B348AD1272879CF00EADD83 /* SceneDelegate.swift in Sources */,
			);
			runOnlyForDeploymentPostprocessing = 0;
		};
/* End PBXSourcesBuildPhase section */

/* Begin PBXVariantGroup section */
		6B348AD4272879CF00EADD83 /* Main.storyboard */ = {
			isa = PBXVariantGroup;
			children = (
				6B348AD5272879CF00EADD83 /* Base */,
			);
			name = Main.storyboard;
			sourceTree = "<group>";
		};
		6B348AD9272879D100EADD83 /* LaunchScreen.storyboard */ = {
			isa = PBXVariantGroup;
			children = (
				6B348ADA272879D100EADD83 /* Base */,
			);
			name = LaunchScreen.storyboard;
			sourceTree = "<group>";
		};
/* End PBXVariantGroup section */

/* Begin XCBuildConfiguration section */
		6B348ADD272879D100EADD83 /* Debug */ = {
			isa = XCBuildConfiguration;
			buildSettings = {
				ALWAYS_SEARCH_USER_PATHS = NO;
				CLANG_ANALYZER_NONNULL = YES;
				CLANG_ANALYZER_NUMBER_OBJECT_CONVERSION = YES_AGGRESSIVE;
				CLANG_CXX_LANGUAGE_STANDARD = "gnu++17";
				CLANG_CXX_LIBRARY = "libc++";
				CLANG_ENABLE_MODULES = YES;
				CLANG_ENABLE_OBJC_ARC = YES;
				CLANG_ENABLE_OBJC_WEAK = YES;
				CLANG_WARN_BLOCK_CAPTURE_AUTORELEASING = YES;
				CLANG_WARN_BOOL_CONVERSION = YES;
				CLANG_WARN_COMMA = YES;
				CLANG_WARN_CONSTANT_CONVERSION = YES;
				CLANG_WARN_DEPRECATED_OBJC_IMPLEMENTATIONS = YES;
				CLANG_WARN_DIRECT_OBJC_ISA_USAGE = YES_ERROR;
				CLANG_WARN_DOCUMENTATION_COMMENTS = YES;
				CLANG_WARN_EMPTY_BODY = YES;
				CLANG_WARN_ENUM_CONVERSION = YES;
				CLANG_WARN_INFINITE_RECURSION = YES;
				CLANG_WARN_INT_CONVERSION = YES;
				CLANG_WARN_NON_LITERAL_NULL_CONVERSION = YES;
				CLANG_WARN_OBJC_IMPLICIT_RETAIN_SELF = YES;
				CLANG_WARN_OBJC_LITERAL_CONVERSION = YES;
				CLANG_WARN_OBJC_ROOT_CLASS = YES_ERROR;
				CLANG_WARN_QUOTED_INCLUDE_IN_FRAMEWORK_HEADER = YES;
				CLANG_WARN_RANGE_LOOP_ANALYSIS = YES;
				CLANG_WARN_STRICT_PROTOTYPES = YES;
				CLANG_WARN_SUSPICIOUS_MOVE = YES;
				CLANG_WARN_UNGUARDED_AVAILABILITY = YES_AGGRESSIVE;
				CLANG_WARN_UNREACHABLE_CODE = YES;
				CLANG_WARN__DUPLICATE_METHOD_MATCH = YES;
				COPY_PHASE_STRIP = NO;
				DEBUG_INFORMATION_FORMAT = dwarf;
				ENABLE_STRICT_OBJC_MSGSEND = YES;
				ENABLE_TESTABILITY = YES;
				GCC_C_LANGUAGE_STANDARD = gnu11;
				GCC_DYNAMIC_NO_PIC = NO;
				GCC_NO_COMMON_BLOCKS = YES;
				GCC_OPTIMIZATION_LEVEL = 0;
				GCC_PREPROCESSOR_DEFINITIONS = (
					"DEBUG=1",
					"$(inherited)",
				);
				GCC_WARN_64_TO_32_BIT_CONVERSION = YES;
				GCC_WARN_ABOUT_RETURN_TYPE = YES_ERROR;
				GCC_WARN_UNDECLARED_SELECTOR = YES;
				GCC_WARN_UNINITIALIZED_AUTOS = YES_AGGRESSIVE;
				GCC_WARN_UNUSED_FUNCTION = YES;
				GCC_WARN_UNUSED_VARIABLE = YES;
				IPHONEOS_DEPLOYMENT_TARGET = 15.0;
				MTL_ENABLE_DEBUG_INFO = INCLUDE_SOURCE;
				MTL_FAST_MATH = YES;
				ONLY_ACTIVE_ARCH = YES;
				SDKROOT = iphoneos;
				SWIFT_ACTIVE_COMPILATION_CONDITIONS = DEBUG;
				SWIFT_OPTIMIZATION_LEVEL = "-Onone";
			};
			name = Debug;
		};
		6B348ADE272879D100EADD83 /* Release */ = {
			isa = XCBuildConfiguration;
			buildSettings = {
				ALWAYS_SEARCH_USER_PATHS = NO;
				CLANG_ANALYZER_NONNULL = YES;
				CLANG_ANALYZER_NUMBER_OBJECT_CONVERSION = YES_AGGRESSIVE;
				CLANG_CXX_LANGUAGE_STANDARD = "gnu++17";
				CLANG_CXX_LIBRARY = "libc++";
				CLANG_ENABLE_MODULES = YES;
				CLANG_ENABLE_OBJC_ARC = YES;
				CLANG_ENABLE_OBJC_WEAK = YES;
				CLANG_WARN_BLOCK_CAPTURE_AUTORELEASING = YES;
				CLANG_WARN_BOOL_CONVERSION = YES;
				CLANG_WARN_COMMA = YES;
				CLANG_WARN_CONSTANT_CONVERSION = YES;
				CLANG_WARN_DEPRECATED_OBJC_IMPLEMENTATIONS = YES;
				CLANG_WARN_DIRECT_OBJC_ISA_USAGE = YES_ERROR;
				CLANG_WARN_DOCUMENTATION_COMMENTS = YES;
				CLANG_WARN_EMPTY_BODY = YES;
				CLANG_WARN_ENUM_CONVERSION = YES;
				CLANG_WARN_INFINITE_RECURSION = YES;
				CLANG_WARN_INT_CONVERSION = YES;
				CLANG_WARN_NON_LITERAL_NULL_CONVERSION = YES;
				CLANG_WARN_OBJC_IMPLICIT_RETAIN_SELF = YES;
				CLANG_WARN_OBJC_LITERAL_CONVERSION = YES;
				CLANG_WARN_OBJC_ROOT_CLASS = YES_ERROR;
				CLANG_WARN_QUOTED_INCLUDE_IN_FRAMEWORK_HEADER = YES;
				CLANG_WARN_RANGE_LOOP_ANALYSIS = YES;
				CLANG_WARN_STRICT_PROTOTYPES = YES;
				CLANG_WARN_SUSPICIOUS_MOVE = YES;
				CLANG_WARN_UNGUARDED_AVAILABILITY = YES_AGGRESSIVE;
				CLANG_WARN_UNREACHABLE_CODE = YES;
				CLANG_WARN__DUPLICATE_METHOD_MATCH = YES;
				COPY_PHASE_STRIP = NO;
				DEBUG_INFORMATION_FORMAT = "dwarf-with-dsym";
				ENABLE_NS_ASSERTIONS = NO;
				ENABLE_STRICT_OBJC_MSGSEND = YES;
				GCC_C_LANGUAGE_STANDARD = gnu11;
				GCC_NO_COMMON_BLOCKS = YES;
				GCC_WARN_64_TO_32_BIT_CONVERSION = YES;
				GCC_WARN_ABOUT_RETURN_TYPE = YES_ERROR;
				GCC_WARN_UNDECLARED_SELECTOR = YES;
				GCC_WARN_UNINITIALIZED_AUTOS = YES_AGGRESSIVE;
				GCC_WARN_UNUSED_FUNCTION = YES;
				GCC_WARN_UNUSED_VARIABLE = YES;
				IPHONEOS_DEPLOYMENT_TARGET = 15.0;
				MTL_ENABLE_DEBUG_INFO = NO;
				MTL_FAST_MATH = YES;
				SDKROOT = iphoneos;
				SWIFT_COMPILATION_MODE = wholemodule;
				SWIFT_OPTIMIZATION_LEVEL = "-O";
				VALIDATE_PRODUCT = YES;
			};
			name = Release;
		};
		6B348AE0272879D100EADD83 /* Debug */ = {
			isa = XCBuildConfiguration;
			buildSettings = {
				ASSETCATALOG_COMPILER_APPICON_NAME = AppIcon;
				ASSETCATALOG_COMPILER_GLOBAL_ACCENT_COLOR_NAME = AccentColor;
				CODE_SIGN_STYLE = Automatic;
				CURRENT_PROJECT_VERSION = 1;
				DEVELOPMENT_TEAM = 25M26744V5;
				GENERATE_INFOPLIST_FILE = YES;
				INFOPLIST_FILE = temp_coreData/Info.plist;
				INFOPLIST_KEY_UIApplicationSupportsIndirectInputEvents = YES;
				INFOPLIST_KEY_UILaunchStoryboardName = LaunchScreen;
				INFOPLIST_KEY_UIMainStoryboardFile = Main;
				INFOPLIST_KEY_UISupportedInterfaceOrientations_iPad = "UIInterfaceOrientationPortrait UIInterfaceOrientationPortraitUpsideDown UIInterfaceOrientationLandscapeLeft UIInterfaceOrientationLandscapeRight";
				INFOPLIST_KEY_UISupportedInterfaceOrientations_iPhone = "UIInterfaceOrientationPortrait UIInterfaceOrientationLandscapeLeft UIInterfaceOrientationLandscapeRight";
				LD_RUNPATH_SEARCH_PATHS = (
					"$(inherited)",
					"@executable_path/Frameworks",
				);
				MARKETING_VERSION = 1.0;
				PRODUCT_BUNDLE_IDENTIFIER = "test.temp-coreData";
				PRODUCT_NAME = "$(TARGET_NAME)";
				SWIFT_EMIT_LOC_STRINGS = YES;
				SWIFT_VERSION = 5.0;
				TARGETED_DEVICE_FAMILY = "1,2";
			};
			name = Debug;
		};
		6B348AE1272879D100EADD83 /* Release */ = {
			isa = XCBuildConfiguration;
			buildSettings = {
				ASSETCATALOG_COMPILER_APPICON_NAME = AppIcon;
				ASSETCATALOG_COMPILER_GLOBAL_ACCENT_COLOR_NAME = AccentColor;
				CODE_SIGN_STYLE = Automatic;
				CURRENT_PROJECT_VERSION = 1;
				DEVELOPMENT_TEAM = 25M26744V5;
				GENERATE_INFOPLIST_FILE = YES;
				INFOPLIST_FILE = temp_coreData/Info.plist;
				INFOPLIST_KEY_UIApplicationSupportsIndirectInputEvents = YES;
				INFOPLIST_KEY_UILaunchStoryboardName = LaunchScreen;
				INFOPLIST_KEY_UIMainStoryboardFile = Main;
				INFOPLIST_KEY_UISupportedInterfaceOrientations_iPad = "UIInterfaceOrientationPortrait UIInterfaceOrientationPortraitUpsideDown UIInterfaceOrientationLandscapeLeft UIInterfaceOrientationLandscapeRight";
				INFOPLIST_KEY_UISupportedInterfaceOrientations_iPhone = "UIInterfaceOrientationPortrait UIInterfaceOrientationLandscapeLeft UIInterfaceOrientationLandscapeRight";
				LD_RUNPATH_SEARCH_PATHS = (
					"$(inherited)",
					"@executable_path/Frameworks",
				);
				MARKETING_VERSION = 1.0;
				PRODUCT_BUNDLE_IDENTIFIER = "test.temp-coreData";
				PRODUCT_NAME = "$(TARGET_NAME)";
				SWIFT_EMIT_LOC_STRINGS = YES;
				SWIFT_VERSION = 5.0;
				TARGETED_DEVICE_FAMILY = "1,2";
			};
			name = Release;
		};
/* End XCBuildConfiguration section */

/* Begin XCConfigurationList section */
		6B348AC6272879CF00EADD83 /* Build configuration list for PBXProject "temp_coreData" */ = {
			isa = XCConfigurationList;
			buildConfigurations = (
				6B348ADD272879D100EADD83 /* Debug */,
				6B348ADE272879D100EADD83 /* Release */,
			);
			defaultConfigurationIsVisible = 0;
			defaultConfigurationName = Release;
		};
		6B348ADF272879D100EADD83 /* Build configuration list for PBXNativeTarget "temp_coreData" */ = {
			isa = XCConfigurationList;
			buildConfigurations = (
				6B348AE0272879D100EADD83 /* Debug */,
				6B348AE1272879D100EADD83 /* Release */,
			);
			defaultConfigurationIsVisible = 0;
			defaultConfigurationName = Release;
		};
/* End XCConfigurationList section */

/* Begin XCVersionGroup section */
		6B348AE2272879E100EADD83 /* temp_coreData.xcdatamodeld */ = {
			isa = XCVersionGroup;
			children = (
				6B348AE3272879E100EADD83 /* temp_coreData.xcdatamodel */,
			);
			currentVersion = 6B348AE3272879E100EADD83 /* temp_coreData.xcdatamodel */;
			path = temp_coreData.xcdatamodeld;
			sourceTree = "<group>";
			versionGroupType = wrapper.xcdatamodel;
		};
/* End XCVersionGroup section */
	};
	rootObject = 6B348AC3272879CF00EADD83 /* Project object */;
}
